
Microsoft Visual Studio Solution File, Format Version 12.00
# Visual Studio Version 17
VisualStudioVersion = 17.6.33815.320
MinimumVisualStudioVersion = 10.0.40219.1
Project("{9A19103F-16F7-4668-BE54-9A1E7A4F7556}") = "Kampintro", "Kampintro\Kampintro.csproj", "{F6319CB7-64F2-4E8C-A7E1-56C45AF420A9}"
EndProject
Project("{9A19103F-16F7-4668-BE54-9A1E7A4F7556}") = "Donguler", "Donguler\Donguler.csproj", "{6901F92F-00A7-458E-B5F7-52E365D5B4EB}"
EndProject
Project("{9A19103F-16F7-4668-BE54-9A1E7A4F7556}") = "ClassIntro", "ClassIntro\ClassIntro.csproj", "{355B4D86-6ADE-4337-AB52-1418AC21DC12}"
EndProject
Project("{9A19103F-16F7-4668-BE54-9A1E7A4F7556}") = "Metotlar", "Metotlar\Metotlar.csproj", "{B27A5397-B27C-4C06-9994-BC37B2595F5B}"
EndProject
Project("{9A19103F-16F7-4668-BE54-9A1E7A4F7556}") = "Matematik", "Matematik\Matematik.csproj", "{02D27C5D-9CF7-478A-9C69-75F5CC4F23D5}"
EndProject
Project("{9A19103F-16F7-4668-BE54-9A1E7A4F7556}") = "DegerVeReferansTipler", "DegerVeReferansTıpler\DegerVeReferansTipler.csproj", "{C2BCF4B0-E724-465D-BC32-08EA414D656E}"
EndProject
Project("{9A19103F-16F7-4668-BE54-9A1E7A4F7556}") = "OOP1", "OOP1\OOP1.csproj", "{8B66BFBB-0BBD-43E8-B32B-6E51B08B6B69}"
EndProject
Project("{9A19103F-16F7-4668-BE54-9A1E7A4F7556}") = "Koleksiyonlar", "Koleksiyonlar\Koleksiyonlar.csproj", "{BDBEF7B1-4E05-4E66-BCE1-84DDE157B8FE}"
EndProject
Project("{9A19103F-16F7-4668-BE54-9A1E7A4F7556}") = "GenericsIntro", "GenericsIntro\GenericsIntro.csproj", "{AFCC2A73-89A0-4E86-9705-1BF6EC5453C4}"
EndProject
Project("{9A19103F-16F7-4668-BE54-9A1E7A4F7556}") = "BankaOdevi", "BankaOdevi\BankaOdevi.csproj", "{E7EA3524-D8FA-4AB1-854E-D2EEB9F7DE7D}"
EndProject
Project("{9A19103F-16F7-4668-BE54-9A1E7A4F7556}") = "OOP2", "OOP2\OOP2.csproj", "{813B5A5A-5429-4F9F-99C0-BB5F27B056A1}"
EndProject
Project("{FAE04EC0-301F-11D3-BF4B-00C04F79EFBC}") = "OOP3", "OOP3\OOP3.csproj", "{C6A2879E-0FE7-4B6A-BCDA-9EFB5F615ED7}"
EndProject
Global
	GlobalSection(SolutionConfigurationPlatforms) = preSolution
		Debug|Any CPU = Debug|Any CPU
		Release|Any CPU = Release|Any CPU
	EndGlobalSection
	GlobalSection(ProjectConfigurationPlatforms) = postSolution
		{F6319CB7-64F2-4E8C-A7E1-56C45AF420A9}.Debug|Any CPU.ActiveCfg = Debug|Any CPU
		{F6319CB7-64F2-4E8C-A7E1-56C45AF420A9}.Debug|Any CPU.Build.0 = Debug|Any CPU
		{F6319CB7-64F2-4E8C-A7E1-56C45AF420A9}.Release|Any CPU.ActiveCfg = Release|Any CPU
		{F6319CB7-64F2-4E8C-A7E1-56C45AF420A9}.Release|Any CPU.Build.0 = Release|Any CPU
		{6901F92F-00A7-458E-B5F7-52E365D5B4EB}.Debug|Any CPU.ActiveCfg = Debug|Any CPU
		{6901F92F-00A7-458E-B5F7-52E365D5B4EB}.Debug|Any CPU.Build.0 = Debug|Any CPU
		{6901F92F-00A7-458E-B5F7-52E365D5B4EB}.Release|Any CPU.ActiveCfg = Release|Any CPU
		{6901F92F-00A7-458E-B5F7-52E365D5B4EB}.Release|Any CPU.Build.0 = Release|Any CPU
		{355B4D86-6ADE-4337-AB52-1418AC21DC12}.Debug|Any CPU.ActiveCfg = Debug|Any CPU
		{355B4D86-6ADE-4337-AB52-1418AC21DC12}.Debug|Any CPU.Build.0 = Debug|Any CPU
		{355B4D86-6ADE-4337-AB52-1418AC21DC12}.Release|Any CPU.ActiveCfg = Release|Any CPU
		{355B4D86-6ADE-4337-AB52-1418AC21DC12}.Release|Any CPU.Build.0 = Release|Any CPU
		{B27A5397-B27C-4C06-9994-BC37B2595F5B}.Debug|Any CPU.ActiveCfg = Debug|Any CPU
		{B27A5397-B27C-4C06-9994-BC37B2595F5B}.Debug|Any CPU.Build.0 = Debug|Any CPU
		{B27A5397-B27C-4C06-9994-BC37B2595F5B}.Release|Any CPU.ActiveCfg = Release|Any CPU
		{B27A5397-B27C-4C06-9994-BC37B2595F5B}.Release|Any CPU.Build.0 = Release|Any CPU
		{02D27C5D-9CF7-478A-9C69-75F5CC4F23D5}.Debug|Any CPU.ActiveCfg = Debug|Any CPU
		{02D27C5D-9CF7-478A-9C69-75F5CC4F23D5}.Debug|Any CPU.Build.0 = Debug|Any CPU
		{02D27C5D-9CF7-478A-9C69-75F5CC4F23D5}.Release|Any CPU.ActiveCfg = Release|Any CPU
		{02D27C5D-9CF7-478A-9C69-75F5CC4F23D5}.Release|Any CPU.Build.0 = Release|Any CPU
		{C2BCF4B0-E724-465D-BC32-08EA414D656E}.Debug|Any CPU.ActiveCfg = Debug|Any CPU
		{C2BCF4B0-E724-465D-BC32-08EA414D656E}.Debug|Any CPU.Build.0 = Debug|Any CPU
		{C2BCF4B0-E724-465D-BC32-08EA414D656E}.Release|Any CPU.ActiveCfg = Release|Any CPU
		{C2BCF4B0-E724-465D-BC32-08EA414D656E}.Release|Any CPU.Build.0 = Release|Any CPU
		{8B66BFBB-0BBD-43E8-B32B-6E51B08B6B69}.Debug|Any CPU.ActiveCfg = Debug|Any CPU
		{8B66BFBB-0BBD-43E8-B32B-6E51B08B6B69}.Debug|Any CPU.Build.0 = Debug|Any CPU
		{8B66BFBB-0BBD-43E8-B32B-6E51B08B6B69}.Release|Any CPU.ActiveCfg = Release|Any CPU
		{8B66BFBB-0BBD-43E8-B32B-6E51B08B6B69}.Release|Any CPU.Build.0 = Release|Any CPU
		{BDBEF7B1-4E05-4E66-BCE1-84DDE157B8FE}.Debug|Any CPU.ActiveCfg = Debug|Any CPU
		{BDBEF7B1-4E05-4E66-BCE1-84DDE157B8FE}.Debug|Any CPU.Build.0 = Debug|Any CPU
		{BDBEF7B1-4E05-4E66-BCE1-84DDE157B8FE}.Release|Any CPU.ActiveCfg = Release|Any CPU
		{BDBEF7B1-4E05-4E66-BCE1-84DDE157B8FE}.Release|Any CPU.Build.0 = Release|Any CPU
		{AFCC2A73-89A0-4E86-9705-1BF6EC5453C4}.Debug|Any CPU.ActiveCfg = Debug|Any CPU
		{AFCC2A73-89A0-4E86-9705-1BF6EC5453C4}.Debug|Any CPU.Build.0 = Debug|Any CPU
		{AFCC2A73-89A0-4E86-9705-1BF6EC5453C4}.Release|Any CPU.ActiveCfg = Release|Any CPU
		{AFCC2A73-89A0-4E86-9705-1BF6EC5453C4}.Release|Any CPU.Build.0 = Release|Any CPU
		{E7EA3524-D8FA-4AB1-854E-D2EEB9F7DE7D}.Debug|Any CPU.ActiveCfg = Debug|Any CPU
		{E7EA3524-D8FA-4AB1-854E-D2EEB9F7DE7D}.Debug|Any CPU.Build.0 = Debug|Any CPU
		{E7EA3524-D8FA-4AB1-854E-D2EEB9F7DE7D}.Release|Any CPU.ActiveCfg = Release|Any CPU
		{E7EA3524-D8FA-4AB1-854E-D2EEB9F7DE7D}.Release|Any CPU.Build.0 = Release|Any CPU
		{813B5A5A-5429-4F9F-99C0-BB5F27B056A1}.Debug|Any CPU.ActiveCfg = Debug|Any CPU
		{813B5A5A-5429-4F9F-99C0-BB5F27B056A1}.Debug|Any CPU.Build.0 = Debug|Any CPU
		{813B5A5A-5429-4F9F-99C0-BB5F27B056A1}.Release|Any CPU.ActiveCfg = Release|Any CPU
		{813B5A5A-5429-4F9F-99C0-BB5F27B056A1}.Release|Any CPU.Build.0 = Release|Any CPU
		{C6A2879E-0FE7-4B6A-BCDA-9EFB5F615ED7}.Debug|Any CPU.ActiveCfg = Debug|Any CPU
		{C6A2879E-0FE7-4B6A-BCDA-9EFB5F615ED7}.Debug|Any CPU.Build.0 = Debug|Any CPU
		{C6A2879E-0FE7-4B6A-BCDA-9EFB5F615ED7}.Release|Any CPU.ActiveCfg = Release|Any CPU
		{C6A2879E-0FE7-4B6A-BCDA-9EFB5F615ED7}.Release|Any CPU.Build.0 = Release|Any CPU
	EndGlobalSection
	GlobalSection(SolutionProperties) = preSolution
		HideSolutionNode = FALSE
	EndGlobalSection
	GlobalSection(ExtensibilityGlobals) = postSolution
		SolutionGuid = {EEA09AE7-8D44-4522-8C9A-FB1BDDFA03A6}
	EndGlobalSection
EndGlobal
